<?xml version="1.0" encoding="UTF-8"?>
<Scheme
   LastUpgradeVersion = "0720"
   version = "1.3">
   <BuildAction
      parallelizeBuildables = "YES"
      buildImplicitDependencies = "YES">
      <BuildActionEntries>
         <BuildActionEntry
            buildForTesting = "YES"
            buildForRunning = "YES"
            buildForProfiling = "YES"
            buildForArchiving = "YES"
            buildForAnalyzing = "YES">
            <BuildableReference
               BuildableIdentifier = "primary"
               BlueprintIdentifier = "F2EE3ED01D1556A800A4428A"
               BuildableName = "&#x79d8;&#x5bc6;&#x306e;&#x30e1;&#x30e2;&#x301c;&#x96fb;&#x5353;&#x7de8;.app"
               BlueprintName = "&#x79d8;&#x5bc6;&#x306e;&#x30e1;&#x30e2;&#x301c;&#x96fb;&#x5353;&#x7de8;"
               ReferencedContainer = "container:&#x79d8;&#x5bc6;&#x306e;&#x30e1;&#x30e2;&#x301c;&#x96fb;&#x5353;&#x7de8;.xcodeproj">
            </BuildableReference>
         </BuildActionEntry>
      </BuildActionEntries>
   </BuildAction>
   <TestAction
      buildConfiguration = "Debug"
      selectedDebuggerIdentifier = "Xcode.DebuggerFoundation.Debugger.LLDB"
      selectedLauncherIdentifier = "Xcode.DebuggerFoundation.Launcher.LLDB"
      shouldUseLaunchSchemeArgsEnv = "YES">
      <Testables>
         <TestableReference
            skipped = "NO">
            <BuildableReference
               BuildableIdentifier = "primary"
               BlueprintIdentifier = "F2EE3EEC1D1556A800A4428A"
               BuildableName = "&#x79d8;&#x5bc6;&#x306e;&#x30e1;&#x30e2;&#x301c;&#x96fb;&#x5353;&#x7de8;Tests.xctest"
               BlueprintName = "&#x79d8;&#x5bc6;&#x306e;&#x30e1;&#x30e2;&#x301c;&#x96fb;&#x5353;&#x7de8;Tests"
               ReferencedContainer = "container:&#x79d8;&#x5bc6;&#x306e;&#x30e1;&#x30e2;&#x301c;&#x96fb;&#x5353;&#x7de8;.xcodeproj">
            </BuildableReference>
         </TestableReference>
         <TestableReference
            skipped = "NO">
            <BuildableReference
               BuildableIdentifier = "primary"
               BlueprintIdentifier = "F2EE3EF71D1556A800A4428A"
               BuildableName = "&#x79d8;&#x5bc6;&#x306e;&#x30e1;&#x30e2;&#x301c;&#x96fb;&#x5353;&#x7de8;UITests.xctest"
               BlueprintName = "&#x79d8;&#x5bc6;&#x306e;&#x30e1;&#x30e2;&#x301c;&#x96fb;&#x5353;&#x7de8;UITests"
               ReferencedContainer = "container:&#x79d8;&#x5bc6;&#x306e;&#x30e1;&#x30e2;&#x301c;&#x96fb;&#x5353;&#x7de8;.xcodeproj">
            </BuildableReference>
         </TestableReference>
      </Testables>
      <MacroExpansion>
         <BuildableReference
            BuildableIdentifier = "primary"
            BlueprintIdentifier = "F2EE3ED01D1556A800A4428A"
            BuildableName = "&#x79d8;&#x5bc6;&#x306e;&#x30e1;&#x30e2;&#x301c;&#x96fb;&#x5353;&#x7de8;.app"
            BlueprintName = "&#x79d8;&#x5bc6;&#x306e;&#x30e1;&#x30e2;&#x301c;&#x96fb;&#x5353;&#x7de8;"
            ReferencedContainer = "container:&#x79d8;&#x5bc6;&#x306e;&#x30e1;&#x30e2;&#x301c;&#x96fb;&#x5353;&#x7de8;.xcodeproj">
         </BuildableReference>
      </MacroExpansion>
      <AdditionalOptions>
      </AdditionalOptions>
   </TestAction>
   <LaunchAction
      buildConfiguration = "Debug"
      selectedDebuggerIdentifier = "Xcode.DebuggerFoundation.Debugger.LLDB"
      selectedLauncherIdentifier = "Xcode.DebuggerFoundation.Launcher.LLDB"
      launchStyle = "0"
      useCustomWorkingDirectory = "NO"
      ignoresPersistentStateOnLaunch = "NO"
      debugDocumentVersioning = "YES"
      debugServiceExtension = "internal"
      allowLocationSimulation = "YES">
      <BuildableProductRunnable
         runnableDebuggingMode = "0">
         <BuildableReference
            BuildableIdentifier = "primary"
            BlueprintIdentifier = "F2EE3ED01D1556A800A4428A"
            BuildableName = "&#x79d8;&#x5bc6;&#x306e;&#x30e1;&#x30e2;&#x301c;&#x96fb;&#x5353;&#x7de8;.app"
            BlueprintName = "&#x79d8;&#x5bc6;&#x306e;&#x30e1;&#x30e2;&#x301c;&#x96fb;&#x5353;&#x7de8;"
            ReferencedContainer = "container:&#x79d8;&#x5bc6;&#x306e;&#x30e1;&#x30e2;&#x301c;&#x96fb;&#x5353;&#x7de8;.xcodeproj">
         </BuildableReference>
      </BuildableProductRunnable>
      <AdditionalOptions>
      </AdditionalOptions>
   </LaunchAction>
   <ProfileAction
      buildConfiguration = "Release"
      shouldUseLaunchSchemeArgsEnv = "YES"
      savedToolIdentifier = ""
      useCustomWorkingDirectory = "NO"
      debugDocumentVersioning = "YES">
      <BuildableProductRunnable
         runnableDebuggingMode = "0">
         <BuildableReference
            BuildableIdentifier = "primary"
            BlueprintIdentifier = "F2EE3ED01D1556A800A4428A"
            BuildableName = "&#x79d8;&#x5bc6;&#x306e;&#x30e1;&#x30e2;&#x301c;&#x96fb;&#x5353;&#x7de8;.app"
            BlueprintName = "&#x79d8;&#x5bc6;&#x306e;&#x30e1;&#x30e2;&#x301c;&#x96fb;&#x5353;&#x7de8;"
            ReferencedContainer = "container:&#x79d8;&#x5bc6;&#x306e;&#x30e1;&#x30e2;&#x301c;&#x96fb;&#x5353;&#x7de8;.xcodeproj">
         </BuildableReference>
      </BuildableProductRunnable>
   </ProfileAction>
   <AnalyzeAction
      buildConfiguration = "Debug">
   </AnalyzeAction>
   <ArchiveAction
      buildConfiguration = "Release"
      revealArchiveInOrganizer = "YES">
   </ArchiveAction>
</Scheme>
